
Microsoft Visual Studio Solution File, Format Version 12.00
# Visual Studio Version 16
VisualStudioVersion = 16.0.29613.14
MinimumVisualStudioVersion = 10.0.40219.1
Project("{FAE04EC0-301F-11D3-BF4B-00C04F79EFBC}") = "TodoDemoDotNet", "TodoDemoDotNet.csproj", "{6EB3EB1A-F6D5-48B4-93ED-C24FCE8E9A8B}"
EndProject
Project("{9A19103F-16F7-4668-BE54-9A1E7A4F7556}") = "HugeLib", "..\HugeLib\HugeLib.csproj", "{44B4500F-0FCD-4879-97E2-F46D99FA3FC6}"
EndProject
Project("{9A19103F-16F7-4668-BE54-9A1E7A4F7556}") = "HugeLib2", "HugeLib2\HugeLib2.csproj", "{5C5D52E7-2D7D-481D-A9D6-9BE46137AF55}"
EndProject
Project("{9A19103F-16F7-4668-BE54-9A1E7A4F7556}") = "HugeLib3", "HugeLib3\HugeLib3.csproj", "{4B17708B-44FB-4E54-88A5-01DB4E2456E1}"
EndProject
Project("{9A19103F-16F7-4668-BE54-9A1E7A4F7556}") = "HugeLib4", "HugeLib4\HugeLib4.csproj", "{C04EAB97-1B26-47F8-9399-9999048D9DFB}"
EndProject
Project("{9A19103F-16F7-4668-BE54-9A1E7A4F7556}") = "HugeLib5", "HugeLib5\HugeLib5.csproj", "{7F5FF468-D212-4D65-AFD3-B33FA8621F82}"
EndProject
Project("{9A19103F-16F7-4668-BE54-9A1E7A4F7556}") = "HugeLib6", "HugeLib6\HugeLib6.csproj", "{7035F97A-A33E-4AC7-B9A4-C183A60CEED6}"
EndProject
Project("{9A19103F-16F7-4668-BE54-9A1E7A4F7556}") = "HugeLib7", "HugeLib7\HugeLib7.csproj", "{6C45ADBF-26A1-493F-A70F-A217EE676635}"
EndProject
Project("{9A19103F-16F7-4668-BE54-9A1E7A4F7556}") = "HugeLib8", "HugeLib8\HugeLib8.csproj", "{4C7541DF-BDD4-4C8D-86B7-5552F59EAF75}"
EndProject
Project("{9A19103F-16F7-4668-BE54-9A1E7A4F7556}") = "HugeLib9", "HugeLib9\HugeLib9.csproj", "{297B5EAE-E91B-4E0E-B44B-49B08E0323B9}"
EndProject
Global
	GlobalSection(SolutionConfigurationPlatforms) = preSolution
		Debug|Any CPU = Debug|Any CPU
		Release|Any CPU = Release|Any CPU
	EndGlobalSection
	GlobalSection(ProjectConfigurationPlatforms) = postSolution
		{6EB3EB1A-F6D5-48B4-93ED-C24FCE8E9A8B}.Debug|Any CPU.ActiveCfg = Debug|Any CPU
		{6EB3EB1A-F6D5-48B4-93ED-C24FCE8E9A8B}.Debug|Any CPU.Build.0 = Debug|Any CPU
		{6EB3EB1A-F6D5-48B4-93ED-C24FCE8E9A8B}.Release|Any CPU.ActiveCfg = Release|Any CPU
		{6EB3EB1A-F6D5-48B4-93ED-C24FCE8E9A8B}.Release|Any CPU.Build.0 = Release|Any CPU
		{44B4500F-0FCD-4879-97E2-F46D99FA3FC6}.Debug|Any CPU.ActiveCfg = Debug|Any CPU
		{44B4500F-0FCD-4879-97E2-F46D99FA3FC6}.Debug|Any CPU.Build.0 = Debug|Any CPU
		{44B4500F-0FCD-4879-97E2-F46D99FA3FC6}.Release|Any CPU.ActiveCfg = Release|Any CPU
		{44B4500F-0FCD-4879-97E2-F46D99FA3FC6}.Release|Any CPU.Build.0 = Release|Any CPU
		{5C5D52E7-2D7D-481D-A9D6-9BE46137AF55}.Debug|Any CPU.ActiveCfg = Debug|Any CPU
		{5C5D52E7-2D7D-481D-A9D6-9BE46137AF55}.Debug|Any CPU.Build.0 = Debug|Any CPU
		{5C5D52E7-2D7D-481D-A9D6-9BE46137AF55}.Release|Any CPU.ActiveCfg = Release|Any CPU
		{5C5D52E7-2D7D-481D-A9D6-9BE46137AF55}.Release|Any CPU.Build.0 = Release|Any CPU
		{4B17708B-44FB-4E54-88A5-01DB4E2456E1}.Debug|Any CPU.ActiveCfg = Debug|Any CPU
		{4B17708B-44FB-4E54-88A5-01DB4E2456E1}.Debug|Any CPU.Build.0 = Debug|Any CPU
		{4B17708B-44FB-4E54-88A5-01DB4E2456E1}.Release|Any CPU.ActiveCfg = Release|Any CPU
		{4B17708B-44FB-4E54-88A5-01DB4E2456E1}.Release|Any CPU.Build.0 = Release|Any CPU
		{C04EAB97-1B26-47F8-9399-9999048D9DFB}.Debug|Any CPU.ActiveCfg = Debug|Any CPU
		{C04EAB97-1B26-47F8-9399-9999048D9DFB}.Debug|Any CPU.Build.0 = Debug|Any CPU
		{C04EAB97-1B26-47F8-9399-9999048D9DFB}.Release|Any CPU.ActiveCfg = Release|Any CPU
		{C04EAB97-1B26-47F8-9399-9999048D9DFB}.Release|Any CPU.Build.0 = Release|Any CPU
		{7F5FF468-D212-4D65-AFD3-B33FA8621F82}.Debug|Any CPU.ActiveCfg = Debug|Any CPU
		{7F5FF468-D212-4D65-AFD3-B33FA8621F82}.Debug|Any CPU.Build.0 = Debug|Any CPU
		{7F5FF468-D212-4D65-AFD3-B33FA8621F82}.Release|Any CPU.ActiveCfg = Release|Any CPU
		{7F5FF468-D212-4D65-AFD3-B33FA8621F82}.Release|Any CPU.Build.0 = Release|Any CPU
		{7035F97A-A33E-4AC7-B9A4-C183A60CEED6}.Debug|Any CPU.ActiveCfg = Debug|Any CPU
		{7035F97A-A33E-4AC7-B9A4-C183A60CEED6}.Debug|Any CPU.Build.0 = Debug|Any CPU
		{7035F97A-A33E-4AC7-B9A4-C183A60CEED6}.Release|Any CPU.ActiveCfg = Release|Any CPU
		{7035F97A-A33E-4AC7-B9A4-C183A60CEED6}.Release|Any CPU.Build.0 = Release|Any CPU
		{6C45ADBF-26A1-493F-A70F-A217EE676635}.Debug|Any CPU.ActiveCfg = Debug|Any CPU
		{6C45ADBF-26A1-493F-A70F-A217EE676635}.Debug|Any CPU.Build.0 = Debug|Any CPU
		{6C45ADBF-26A1-493F-A70F-A217EE676635}.Release|Any CPU.ActiveCfg = Release|Any CPU
		{6C45ADBF-26A1-493F-A70F-A217EE676635}.Release|Any CPU.Build.0 = Release|Any CPU
		{4C7541DF-BDD4-4C8D-86B7-5552F59EAF75}.Debug|Any CPU.ActiveCfg = Debug|Any CPU
		{4C7541DF-BDD4-4C8D-86B7-5552F59EAF75}.Debug|Any CPU.Build.0 = Debug|Any CPU
		{4C7541DF-BDD4-4C8D-86B7-5552F59EAF75}.Release|Any CPU.ActiveCfg = Release|Any CPU
		{4C7541DF-BDD4-4C8D-86B7-5552F59EAF75}.Release|Any CPU.Build.0 = Release|Any CPU
		{297B5EAE-E91B-4E0E-B44B-49B08E0323B9}.Debug|Any CPU.ActiveCfg = Debug|Any CPU
		{297B5EAE-E91B-4E0E-B44B-49B08E0323B9}.Debug|Any CPU.Build.0 = Debug|Any CPU
		{297B5EAE-E91B-4E0E-B44B-49B08E0323B9}.Release|Any CPU.ActiveCfg = Release|Any CPU
		{297B5EAE-E91B-4E0E-B44B-49B08E0323B9}.Release|Any CPU.Build.0 = Release|Any CPU
	EndGlobalSection
	GlobalSection(SolutionProperties) = preSolution
		HideSolutionNode = FALSE
	EndGlobalSection
	GlobalSection(ExtensibilityGlobals) = postSolution
		SolutionGuid = {D902DC4E-5547-40F6-84B2-D53463258025}
	EndGlobalSection
EndGlobal
